
Microsoft Visual Studio Solution File, Format Version 12.00
# Visual Studio Version 17
VisualStudioVersion = 17.0.31903.59
MinimumVisualStudioVersion = 10.0.40219.1
Project("{2150E333-8FDC-42A3-9474-1A3956D46DE8}") = "src", "src", "{D4640E54-74D9-4058-B2F7-D839E5432F78}"
EndProject
Project("{FAE04EC0-301F-11D3-BF4B-00C04F79EFBC}") = "WebApp", "src\WebApp\WebApp.csproj", "{C29F0E29-E47E-443E-9EFE-49FBE4FA10B5}"
EndProject
Project("{FAE04EC0-301F-11D3-BF4B-00C04F79EFBC}") = "RegistryFunction", "src\RegistryFunction\RegistryFunction.csproj", "{544FF020-3099-45CF-83DB-E521F6B161C1}"
EndProject
Project("{FAE04EC0-301F-11D3-BF4B-00C04F79EFBC}") = "SampleFunction", "src\SampleFunction\SampleFunction.csproj", "{B0BF847C-BF13-4B08-B112-A6775F64364B}"
EndProject
Global
	GlobalSection(SolutionConfigurationPlatforms) = preSolution
		Debug|Any CPU = Debug|Any CPU
		Release|Any CPU = Release|Any CPU
	EndGlobalSection
	GlobalSection(SolutionProperties) = preSolution
		HideSolutionNode = FALSE
	EndGlobalSection
	GlobalSection(ProjectConfigurationPlatforms) = postSolution
		{C29F0E29-E47E-443E-9EFE-49FBE4FA10B5}.Debug|Any CPU.ActiveCfg = Debug|Any CPU
		{C29F0E29-E47E-443E-9EFE-49FBE4FA10B5}.Debug|Any CPU.Build.0 = Debug|Any CPU
		{C29F0E29-E47E-443E-9EFE-49FBE4FA10B5}.Release|Any CPU.ActiveCfg = Release|Any CPU
		{C29F0E29-E47E-443E-9EFE-49FBE4FA10B5}.Release|Any CPU.Build.0 = Release|Any CPU
		{544FF020-3099-45CF-83DB-E521F6B161C1}.Debug|Any CPU.ActiveCfg = Debug|Any CPU
		{544FF020-3099-45CF-83DB-E521F6B161C1}.Debug|Any CPU.Build.0 = Debug|Any CPU
		{544FF020-3099-45CF-83DB-E521F6B161C1}.Release|Any CPU.ActiveCfg = Release|Any CPU
		{544FF020-3099-45CF-83DB-E521F6B161C1}.Release|Any CPU.Build.0 = Release|Any CPU
		{B0BF847C-BF13-4B08-B112-A6775F64364B}.Debug|Any CPU.ActiveCfg = Debug|Any CPU
		{B0BF847C-BF13-4B08-B112-A6775F64364B}.Debug|Any CPU.Build.0 = Debug|Any CPU
		{B0BF847C-BF13-4B08-B112-A6775F64364B}.Release|Any CPU.ActiveCfg = Release|Any CPU
		{B0BF847C-BF13-4B08-B112-A6775F64364B}.Release|Any CPU.Build.0 = Release|Any CPU
	EndGlobalSection
	GlobalSection(NestedProjects) = preSolution
		{C29F0E29-E47E-443E-9EFE-49FBE4FA10B5} = {D4640E54-74D9-4058-B2F7-D839E5432F78}
		{544FF020-3099-45CF-83DB-E521F6B161C1} = {D4640E54-74D9-4058-B2F7-D839E5432F78}
		{B0BF847C-BF13-4B08-B112-A6775F64364B} = {D4640E54-74D9-4058-B2F7-D839E5432F78}
	EndGlobalSection
EndGlobal
